
Microsoft Visual Studio Solution File, Format Version 12.00
# Visual Studio Version 16
VisualStudioVersion = 16.0.30804.86
MinimumVisualStudioVersion = 10.0.40219.1
Project("{FAE04EC0-301F-11D3-BF4B-00C04F79EFBC}") = "LAB5", "LAB5\LAB5.csproj", "{0CB3894C-A392-47D6-B47B-28084DDC46ED}"
EndProject
Global
	GlobalSection(SolutionConfigurationPlatforms) = preSolution
		Debug|Any CPU = Debug|Any CPU
		Release|Any CPU = Release|Any CPU
	EndGlobalSection
	GlobalSection(ProjectConfigurationPlatforms) = postSolution
		{0CB3894C-A392-47D6-B47B-28084DDC46ED}.Debug|Any CPU.ActiveCfg = Debug|Any CPU
		{0CB3894C-A392-47D6-B47B-28084DDC46ED}.Debug|Any CPU.Build.0 = Debug|Any CPU
		{0CB3894C-A392-47D6-B47B-28084DDC46ED}.Release|Any CPU.ActiveCfg = Release|Any CPU
		{0CB3894C-A392-47D6-B47B-28084DDC46ED}.Release|Any CPU.Build.0 = Release|Any CPU
	EndGlobalSection
	GlobalSection(SolutionProperties) = preSolution
		HideSolutionNode = FALSE
	EndGlobalSection
	GlobalSection(ExtensibilityGlobals) = postSolution
		SolutionGuid = {5655168A-6A50-49AA-9BAB-10994C45F783}
	EndGlobalSection
EndGlobal
